# vx.lock - Auto-generated, do not edit manually
# Generated by vx 0.9.33

version = 2

[metadata]
generated_at = "2026-09-27T18:37:41Z"
vx_version = "0.9.33"
platform = "x86_64-pc-windows-msvc"

[tools.node]
version = "22.23.3"
source = "nodejs"
resolved_from = "22"
ecosystem = "nodejs"
download_url = "https://nodejs.org/dist/v22.23.3/node-v22.23.3-win-x64.zip"

[tools.node.platform_urls]
darwin-arm64 = "https://nodejs.org/dist/v22.23.3/node-v22.23.3-darwin-arm64.tar.gz"
darwin-x64 = "https://nodejs.org/dist/v22.23.3/node-v22.23.3-darwin-x64.tar.gz"
linux-arm64 = "https://nodejs.org/dist/v22.23.3/node-v22.23.3-linux-arm64.tar.xz"
linux-x64 = "https://nodejs.org/dist/v22.23.3/node-v22.23.3-linux-x64.tar.xz"
windows-arm64 = "https://nodejs.org/dist/v22.23.3/node-v22.23.3-win-arm64.zip"
windows-x64 = "https://nodejs.org/dist/v22.23.3/node-v22.23.3-win-x64.zip"

[tools.node.metadata]
lts = "true"
